Microsoft Visual Studio Solution File, Format Version 12.00
# Visual Studio Version 17
VisualStudioVersion = 17.5.2.0
MinimumVisualStudioVersion = 10.0.40219.1
Project("{FAE04EC0-301F-11D3-BF4B-00C04F79EFBC}") = "APIcatalogo", "APIcatalogo.csproj", "{FA7BB452-E793-0A09-2DFE-94FF2304D297}"
EndProject
Project("{FAE04EC0-301F-11D3-BF4B-00C04F79EFBC}") = "ApiCatalago.Tests", "ApiCatalago.Tests\ApiCatalago.Tests.csproj", "{38BBC193-05E5-44BB-BFD8-C1408E99E417}"
EndProject
Global
	GlobalSection(SolutionConfigurationPlatforms) = preSolution
		Debug|Any CPU = Debug|Any CPU
		Release|Any CPU = Release|Any CPU
	EndGlobalSection
	GlobalSection(ProjectConfigurationPlatforms) = postSolution
		{FA7BB452-E793-0A09-2DFE-94FF2304D297}.Debug|Any CPU.ActiveCfg = Debug|Any CPU
		{FA7BB452-E793-0A09-2DFE-94FF2304D297}.Debug|Any CPU.Build.0 = Debug|Any CPU
		{FA7BB452-E793-0A09-2DFE-94FF2304D297}.Release|Any CPU.ActiveCfg = Release|Any CPU
		{FA7BB452-E793-0A09-2DFE-94FF2304D297}.Release|Any CPU.Build.0 = Release|Any CPU
		{38BBC193-05E5-44BB-BFD8-C1408E99E417}.Debug|Any CPU.ActiveCfg = Debug|Any CPU
		{38BBC193-05E5-44BB-BFD8-C1408E99E417}.Debug|Any CPU.Build.0 = Debug|Any CPU
		{38BBC193-05E5-44BB-BFD8-C1408E99E417}.Release|Any CPU.ActiveCfg = Release|Any CPU
		{38BBC193-05E5-44BB-BFD8-C1408E99E417}.Release|Any CPU.Build.0 = Release|Any CPU
	EndGlobalSection
	GlobalSection(SolutionProperties) = preSolution
		HideSolutionNode = FALSE
	EndGlobalSection
	GlobalSection(ExtensibilityGlobals) = postSolution
		SolutionGuid = {467C345E-6D54-4B5A-9691-E1908257427D}
	EndGlobalSection
EndGlobal
